using System;
using System.Windows.Forms;
using System.Data.Odbc;
using System.Data.SqlClient;

namespace WindowsApplication1
{

    
    public partial class Form1 : Form
    {
        static void Main(String[] args)
        {
            string connetionString = null;
            connetionString = "Data Source=DESKTOP-BBCOK7M;Initial Catalog=SyeewDatabase;Integrated Security=True";
           SqlConnection cnn = new SqlConnection(connetionString);
         
            try
            {
                cnn.Open();
                MessageBox.Show("Connection Open ! ");
                cnn.Close();
            }
            catch (Exception)
            {
                MessageBox.Show("Can not open connection ! ");
            }
        }
        public Form1()
        {
            InitializeComponent();
        }

        private void InitializeComponent()
        {
            throw new NotImplementedException();
        }

        private void button1_Click(object sender, EventArgs e)
        {
           
        }
    }
}
